// !$*UTF8*$!
{
	archiveVersion = 1;
	classes = {
	};
	objectVersion = 46;
	objects = {

/* Begin PBXBuildFile section */
		F484119A1CB6138100391999 /* DCPaymentView.m in Sources */ = {isa = PBXBuildFile; fileRef = F48411991CB6138100391999 /* DCPaymentView.m */; };
		F48A81E11C17C5FD007FABA2 /* main.m in Sources */ = {isa = PBXBuildFile; fileRef = F48A81E01C17C5FD007FABA2 /* main.m */; };
		F48A81E41C17C5FD007FABA2 /* AppDelegate.m in Sources */ = {isa = PBXBuildFile; fileRef = F48A81E31C17C5FD007FABA2 /* AppDelegate.m */; };
		F48A81E71C17C5FD007FABA2 /* ViewController.m in Sources */ = {isa = PBXBuildFile; fileRef = F48A81E61C17C5FD007FABA2 /* ViewController.m */; };
		F48A81EA1C17C5FD007FABA2 /* Main.storyboard in Resources */ = {isa = PBXBuildFile; fileRef = F48A81E81C17C5FD007FABA2 /* Main.storyboard */; };
		F48A81EC1C17C5FD007FABA2 /* Assets.xcassets in Resources */ = {isa = PBXBuildFile; fileRef = F48A81EB1C17C5FD007FABA2 /* Assets.xcassets */; };
		F48A81EF1C17C5FD007FABA2 /* LaunchScreen.storyboard in Resources */ = {isa = PBXBuildFile; fileRef = F48A81ED1C17C5FD007FABA2 /* LaunchScreen.storyboard */; };
		F48A81FA1C17C5FD007FABA2 /* DCPayAlertDemoTests.m in Sources */ = {isa = PBXBuildFile; fileRef = F48A81F91C17C5FD007FABA2 /* DCPayAlertDemoTests.m */; };
		F48A82051C17C5FD007FABA2 /* DCPayAlertDemoUITests.m in Sources */ = {isa = PBXBuildFile; fileRef = F48A82041C17C5FD007FABA2 /* DCPayAlertDemoUITests.m */; };
/* End PBXBuildFile section */

/* Begin PBXContainerItemProxy section */
		F48A81F61C17C5FD007FABA2 /* PBXContainerItemProxy */ = {
			isa = PBXContainerItemProxy;
			containerPortal = F48A81D41C17C5FD007FABA2 /* Project object */;
			proxyType = 1;
			remoteGlobalIDString = F48A81DB1C17C5FD007FABA2;
			remoteInfo = DCPayAlertDemo;
		};
		F48A82011C17C5FD007FABA2 /* PBXContainerItemProxy */ = {
			isa = PBXContainerItemProxy;
			containerPortal = F48A81D41C17C5FD007FABA2 /* Project object */;
			proxyType = 1;
			remoteGlobalIDString = F48A81DB1C17C5FD007FABA2;
			remoteInfo = DCPayAlertDemo;
		};
/* End PBXContainerItemProxy section */

/* Begin PBXFileReference section */
		F48411981CB6138100391999 /* DCPaymentView.h */ = {isa = PBXFileReference; fileEncoding = 4; lastKnownFileType = sourcecode.c.h; path = DCPaymentView.h; sourceTree = "<group>"; };
		F48411991CB6138100391999 /* DCPaymentView.m */ = {isa = PBXFileReference; fileEncoding = 4; lastKnownFileType = sourcecode.c.objc; path = DCPaymentView.m; sourceTree = "<group>"; };
		F48A81DC1C17C5FD007FABA2 /* DCPayAlertDemo.app */ = {isa = PBXFileReference; explicitFileType = wrapper.application; includeInIndex = 0; path = DCPayAlertDemo.app; sourceTree = BUILT_PRODUCTS_DIR; };
		F48A81E01C17C5FD007FABA2 /* main.m */ = {isa = PBXFileReference; lastKnownFileType = sourcecode.c.objc; path = main.m; sourceTree = "<group>"; };
		F48A81E21C17C5FD007FABA2 /* AppDelegate.h */ = {isa = PBXFileReference; lastKnownFileType = sourcecode.c.h; path = AppDelegate.h; sourceTree = "<group>"; };
		F48A81E31C17C5FD007FABA2 /* AppDelegate.m */ = {isa = PBXFileReference; lastKnownFileType = sourcecode.c.objc; path = AppDelegate.m; sourceTree = "<group>"; };
		F48A81E51C17C5FD007FABA2 /* ViewController.h */ = {isa = PBXFileReference; lastKnownFileType = sourcecode.c.h; path = ViewController.h; sourceTree = "<group>"; };
		F48A81E61C17C5FD007FABA2 /* ViewController.m */ = {isa = PBXFileReference; lastKnownFileType = sourcecode.c.objc; path = ViewController.m; sourceTree = "<group>"; };
		F48A81E91C17C5FD007FABA2 /* Base */ = {isa = PBXFileReference; lastKnownFileType = file.storyboard; name = Base; path = Base.lproj/Main.storyboard; sourceTree = "<group>"; };
		F48A81EB1C17C5FD007FABA2 /* Assets.xcassets */ = {isa = PBXFileReference; lastKnownFileType = folder.assetcatalog; path = Assets.xcassets; sourceTree = "<group>"; };
		F48A81EE1C17C5FD007FABA2 /* Base */ = {isa = PBXFileReference; lastKnownFileType = file.storyboard; name = Base; path = Base.lproj/LaunchScreen.storyboard; sourceTree = "<group>"; };
		F48A81F01C17C5FD007FABA2 /* Info.plist */ = {isa = PBXFileReference; lastKnownFileType = text.plist.xml; path = Info.plist; sourceTree = "<group>"; };
		F48A81F51C17C5FD007FABA2 /* DCPayAlertDemoTests.xctest */ = {isa = PBXFileReference; explicitFileType = wrapper.cfbundle; includeInIndex = 0; path = DCPayAlertDemoTests.xctest; sourceTree = BUILT_PRODUCTS_DIR; };
		F48A81F91C17C5FD007FABA2 /* DCPayAlertDemoTests.m */ = {isa = PBXFileReference; lastKnownFileType = sourcecode.c.objc; path = DCPayAlertDemoTests.m; sourceTree = "<group>"; };
		F48A81FB1C17C5FD007FABA2 /* Info.plist */ = {isa = PBXFileReference; lastKnownFileType = text.plist.xml; path = Info.plist; sourceTree = "<group>"; };
		F48A82001C17C5FD007FABA2 /* DCPayAlertDemoUITests.xctest */ = {isa = PBXFileReference; explicitFileType = wrapper.cfbundle; includeInIndex = 0; path = DCPayAlertDemoUITests.xctest; sourceTree = BUILT_PRODUCTS_DIR; };
		F48A82041C17C5FD007FABA2 /* DCPayAlertDemoUITests.m */ = {isa = PBXFileReference; lastKnownFileType = sourcecode.c.objc; path = DCPayAlertDemoUITests.m; sourceTree = "<group>"; };
		F48A82061C17C5FD007FABA2 /* Info.plist */ = {isa = PBXFileReference; lastKnownFileType = text.plist.xml; path = Info.plist; sourceTree = "<group>"; };
/* End PBXFileReference section */

/* Begin PBXFrameworksBuildPhase section */
		F48A81D91C17C5FD007FABA2 /* Frameworks */ = {
			isa = PBXFrameworksBuildPhase;
			buildActionMask = 2147483647;
			files = (
			);
			runOnlyForDeploymentPostprocessing = 0;
		};
		F48A81F21C17C5FD007FABA2 /* Frameworks */ = {
			isa = PBXFrameworksBuildPhase;
			buildActionMask = 2147483647;
			files = (
			);
			runOnlyForDeploymentPostprocessing = 0;
		};
		F48A81FD1C17C5FD007FABA2 /* Frameworks */ = {
			isa = PBXFrameworksBuildPhase;
			buildActionMask = 2147483647;
			files = (
			);
			runOnlyForDeploymentPostprocessing = 0;
		};
/* End PBXFrameworksBuildPhase section */

/* Begin PBXGroup section */
		F48411971CB6138100391999 /* DCPaymentAlert */ = {
			isa = PBXGroup;
			children = (
				F48411981CB6138100391999 /* DCPaymentView.h */,
				F48411991CB6138100391999 /* DCPaymentView.m */,
			);
			path = DCPaymentAlert;
			sourceTree = SOURCE_ROOT;
		};
		F48A81D31C17C5FD007FABA2 = {
			isa = PBXGroup;
			children = (
				F48A81DE1C17C5FD007FABA2 /* DCPayAlertDemo */,
				F48A81F81C17C5FD007FABA2 /* DCPayAlertDemoTests */,
				F48A82031C17C5FD007FABA2 /* DCPayAlertDemoUITests */,
				F48A81DD1C17C5FD007FABA2 /* Products */,
			);
			sourceTree = "<group>";
		};
		F48A81DD1C17C5FD007FABA2 /* Products */ = {
			isa = PBXGroup;
			children = (
				F48A81DC1C17C5FD007FABA2 /* DCPayAlertDemo.app */,
				F48A81F51C17C5FD007FABA2 /* DCPayAlertDemoTests.xctest */,
				F48A82001C17C5FD007FABA2 /* DCPayAlertDemoUITests.xctest */,
			);
			name = Products;
			sourceTree = "<group>";
		};
		F48A81DE1C17C5FD007FABA2 /* DCPayAlertDemo */ = {
			isa = PBXGroup;
			children = (
				F48411971CB6138100391999 /* DCPaymentAlert */,
				F48A81E21C17C5FD007FABA2 /* AppDelegate.h */,
				F48A81E31C17C5FD007FABA2 /* AppDelegate.m */,
				F48A81E51C17C5FD007FABA2 /* ViewController.h */,
				F48A81E61C17C5FD007FABA2 /* ViewController.m */,
				F48A81E81C17C5FD007FABA2 /* Main.storyboard */,
				F48A81EB1C17C5FD007FABA2 /* Assets.xcassets */,
				F48A81ED1C17C5FD007FABA2 /* LaunchScreen.storyboard */,
				F48A81F01C17C5FD007FABA2 /* Info.plist */,
				F48A81DF1C17C5FD007FABA2 /* Supporting Files */,
			);
			path = DCPayAlertDemo;
			sourceTree = "<group>";
		};
		F48A81DF1C17C5FD007FABA2 /* Supporting Files */ = {
			isa = PBXGroup;
			children = (
				F48A81E01C17C5FD007FABA2 /* main.m */,
			);
			name = "Supporting Files";
			sourceTree = "<group>";
		};
		F48A81F81C17C5FD007FABA2 /* DCPayAlertDemoTests */ = {
			isa = PBXGroup;
			children = (
				F48A81F91C17C5FD007FABA2 /* DCPayAlertDemoTests.m */,
				F48A81FB1C17C5FD007FABA2 /* Info.plist */,
			);
			path = DCPayAlertDemoTests;
			sourceTree = "<group>";
		};
		F48A82031C17C5FD007FABA2 /* DCPayAlertDemoUITests */ = {
			isa = PBXGroup;
			children = (
				F48A82041C17C5FD007FABA2 /* DCPayAlertDemoUITests.m */,
				F48A82061C17C5FD007FABA2 /* Info.plist */,
			);
			path = DCPayAlertDemoUITests;
			sourceTree = "<group>";
		};
/* End PBXGroup section */

/* Begin PBXNativeTarget section */
		F48A81DB1C17C5FD007FABA2 /* DCPayAlertDemo */ = {
			isa = PBXNativeTarget;
			buildConfigurationList = F48A82091C17C5FD007FABA2 /* Build configuration list for PBXNativeTarget "DCPayAlertDemo" */;
			buildPhases = (
				F48A81D81C17C5FD007FABA2 /* Sources */,
				F48A81D91C17C5FD007FABA2 /* Frameworks */,
				F48A81DA1C17C5FD007FABA2 /* Resources */,
			);
			buildRules = (
			);
			dependencies = (
			);
			name = DCPayAlertDemo;
			productName = DCPayAlertDemo;
			productReference = F48A81DC1C17C5FD007FABA2 /* DCPayAlertDemo.app */;
			productType = "com.apple.product-type.application";
		};
		F48A81F41C17C5FD007FABA2 /* DCPayAlertDemoTests */ = {
			isa = PBXNativeTarget;
			buildConfigurationList = F48A820C1C17C5FD007FABA2 /* Build configuration list for PBXNativeTarget "DCPayAlertDemoTests" */;
			buildPhases = (
				F48A81F11C17C5FD007FABA2 /* Sources */,
				F48A81F21C17C5FD007FABA2 /* Frameworks */,
				F48A81F31C17C5FD007FABA2 /* Resources */,
			);
			buildRules = (
			);
			dependencies = (
				F48A81F71C17C5FD007FABA2 /* PBXTargetDependency */,
			);
			name = DCPayAlertDemoTests;
			productName = DCPayAlertDemoTests;
			productReference = F48A81F51C17C5FD007FABA2 /* DCPayAlertDemoTests.xctest */;
			productType = "com.apple.product-type.bundle.unit-test";
		};
		F48A81FF1C17C5FD007FABA2 /* DCPayAlertDemoUITests */ = {
			isa = PBXNativeTarget;
			buildConfigurationList = F48A820F1C17C5FD007FABA2 /* Build configuration list for PBXNativeTarget "DCPayAlertDemoUITests" */;
			buildPhases = (
				F48A81FC1C17C5FD007FABA2 /* Sources */,
				F48A81FD1C17C5FD007FABA2 /* Frameworks */,
				F48A81FE1C17C5FD007FABA2 /* Resources */,
			);
			buildRules = (
			);
			dependencies = (
				F48A82021C17C5FD007FABA2 /* PBXTargetDependency */,
			);
			name = DCPayAlertDemoUITests;
			productName = DCPayAlertDemoUITests;
			productReference = F48A82001C17C5FD007FABA2 /* DCPayAlertDemoUITests.xctest */;
			productType = "com.apple.product-type.bundle.ui-testing";
		};
/* End PBXNativeTarget section */

/* Begin PBXProject section */
		F48A81D41C17C5FD007FABA2 /* Project object */ = {
			isa = PBXProject;
			attributes = {
				LastUpgradeCheck = 0710;
				ORGANIZATIONNAME = dawnnnnn;
				TargetAttributes = {
					F48A81DB1C17C5FD007FABA2 = {
						CreatedOnToolsVersion = 7.1.1;
					};
					F48A81F41C17C5FD007FABA2 = {
						CreatedOnToolsVersion = 7.1.1;
						TestTargetID = F48A81DB1C17C5FD007FABA2;
					};
					F48A81FF1C17C5FD007FABA2 = {
						CreatedOnToolsVersion = 7.1.1;
						TestTargetID = F48A81DB1C17C5FD007FABA2;
					};
				};
			};
			buildConfigurationList = F48A81D71C17C5FD007FABA2 /* Build configuration list for PBXProject "DCPayAlertDemo" */;
			compatibilityVersion = "Xcode 3.2";
			developmentRegion = English;
			hasScannedForEncodings = 0;
			knownRegions = (
				en,
				Base,
			);
			mainGroup = F48A81D31C17C5FD007FABA2;
			productRefGroup = F48A81DD1C17C5FD007FABA2 /* Products */;
			projectDirPath = "";
			projectRoot = "";
			targets = (
				F48A81DB1C17C5FD007FABA2 /* DCPayAlertDemo */,
				F48A81F41C17C5FD007FABA2 /* DCPayAlertDemoTests */,
				F48A81FF1C17C5FD007FABA2 /* DCPayAlertDemoUITests */,
			);
		};
/* End PBXProject section */

/* Begin PBXResourcesBuildPhase section */
		F48A81DA1C17C5FD007FABA2 /* Resources */ = {
			isa = PBXResourcesBuildPhase;
			buildActionMask = 2147483647;
			files = (
				F48A81EF1C17C5FD007FABA2 /* LaunchScreen.storyboard in Resources */,
				F48A81EC1C17C5FD007FABA2 /* Assets.xcassets in Resources */,
				F48A81EA1C17C5FD007FABA2 /* Main.storyboard in Resources */,
			);
			runOnlyForDeploymentPostprocessing = 0;
		};
		F48A81F31C17C5FD007FABA2 /* Resources */ = {
			isa = PBXResourcesBuildPhase;
			buildActionMask = 2147483647;
			files = (
			);
			runOnlyForDeploymentPostprocessing = 0;
		};
		F48A81FE1C17C5FD007FABA2 /* Resources */ = {
			isa = PBXResourcesBuildPhase;
			buildActionMask = 2147483647;
			files = (
			);
			runOnlyForDeploymentPostprocessing = 0;
		};
/* End PBXResourcesBuildPhase section */

/* Begin PBXSourcesBuildPhase section */
		F48A81D81C17C5FD007FABA2 /* Sources */ = {
			isa = PBXSourcesBuildPhase;
			buildActionMask = 2147483647;
			files = (
				F48A81E71C17C5FD007FABA2 /* ViewController.m in Sources */,
				F48A81E41C17C5FD007FABA2 /* AppDelegate.m in Sources */,
				F484119A1CB6138100391999 /* DCPaymentView.m in Sources */,
				F48A81E11C17C5FD007FABA2 /* main.m in Sources */,
			);
			runOnlyForDeploymentPostprocessing = 0;
		};
		F48A81F11C17C5FD007FABA2 /* Sources */ = {
			isa = PBXSourcesBuildPhase;
			buildActionMask = 2147483647;
			files = (
				F48A81FA1C17C5FD007FABA2 /* DCPayAlertDemoTests.m in Sources */,
			);
			runOnlyForDeploymentPostprocessing = 0;
		};
		F48A81FC1C17C5FD007FABA2 /* Sources */ = {
			isa = PBXSourcesBuildPhase;
			buildActionMask = 2147483647;
			files = (
				F48A82051C17C5FD007FABA2 /* DCPayAlertDemoUITests.m in Sources */,
			);
			runOnlyForDeploymentPostprocessing = 0;
		};
/* End PBXSourcesBuildPhase section */

/* Begin PBXTargetDependency section */
		F48A81F71C17C5FD007FABA2 /* PBXTargetDependency */ = {
			isa = PBXTargetDependency;
			target = F48A81DB1C17C5FD007FABA2 /* DCPayAlertDemo */;
			targetProxy = F48A81F61C17C5FD007FABA2 /* PBXContainerItemProxy */;
		};
		F48A82021C17C5FD007FABA2 /* PBXTargetDependency */ = {
			isa = PBXTargetDependency;
			target = F48A81DB1C17C5FD007FABA2 /* DCPayAlertDemo */;
			targetProxy = F48A82011C17C5FD007FABA2 /* PBXContainerItemProxy */;
		};
/* End PBXTargetDependency section */

/* Begin PBXVariantGroup section */
		F48A81E81C17C5FD007FABA2 /* Main.storyboard */ = {
			isa = PBXVariantGroup;
			children = (
				F48A81E91C17C5FD007FABA2 /* Base */,
			);
			name = Main.storyboard;
			sourceTree = "<group>";
		};
		F48A81ED1C17C5FD007FABA2 /* LaunchScreen.storyboard */ = {
			isa = PBXVariantGroup;
			children = (
				F48A81EE1C17C5FD007FABA2 /* Base */,
			);
			name = LaunchScreen.storyboard;
			sourceTree = "<group>";
		};
/* End PBXVariantGroup section */

/* Begin XCBuildConfiguration section */
		F48A82071C17C5FD007FABA2 /* Debug */ = {
			isa = XCBuildConfiguration;
			buildSettings = {
				ALWAYS_SEARCH_USER_PATHS = NO;
				CLANG_CXX_LANGUAGE_STANDARD = "gnu++0x";
				CLANG_CXX_LIBRARY = "libc++";
				CLANG_ENABLE_MODULES = YES;
				CLANG_ENABLE_OBJC_ARC = YES;
				CLANG_WARN_BOOL_CONVERSION = YES;
				CLANG_WARN_CONSTANT_CONVERSION = YES;
				CLANG_WARN_DIRECT_OBJC_ISA_USAGE = YES_ERROR;
				CLANG_WARN_EMPTY_BODY = YES;
				CLANG_WARN_ENUM_CONVERSION = YES;
				CLANG_WARN_INT_CONVERSION = YES;
				CLANG_WARN_OBJC_ROOT_CLASS = YES_ERROR;
				CLANG_WARN_UNREACHABLE_CODE = YES;
				CLANG_WARN__DUPLICATE_METHOD_MATCH = YES;
				"CODE_SIGN_IDENTITY[sdk=iphoneos*]" = "iPhone Developer";
				COPY_PHASE_STRIP = NO;
				DEBUG_INFORMATION_FORMAT = dwarf;
				ENABLE_STRICT_OBJC_MSGSEND = YES;
				ENABLE_TESTABILITY = YES;
				GCC_C_LANGUAGE_STANDARD = gnu99;
				GCC_DYNAMIC_NO_PIC = NO;
				GCC_NO_COMMON_BLOCKS = YES;
				GCC_OPTIMIZATION_LEVEL = 0;
				GCC_PREPROCESSOR_DEFINITIONS = (
					"DEBUG=1",
					"$(inherited)",
				);
				GCC_WARN_64_TO_32_BIT_CONVERSION = YES;
				GCC_WARN_ABOUT_RETURN_TYPE = YES_ERROR;
				GCC_WARN_UNDECLARED_SELECTOR = YES;
				GCC_WARN_UNINITIALIZED_AUTOS = YES_AGGRESSIVE;
				GCC_WARN_UNUSED_FUNCTION = YES;
				GCC_WARN_UNUSED_VARIABLE = YES;
				IPHONEOS_DEPLOYMENT_TARGET = 9.1;
				MTL_ENABLE_DEBUG_INFO = YES;
				ONLY_ACTIVE_ARCH = YES;
				SDKROOT = iphoneos;
			};
			name = Debug;
		};
		F48A82081C17C5FD007FABA2 /* Release */ = {
			isa = XCBuildConfiguration;
			buildSettings = {
				ALWAYS_SEARCH_USER_PATHS = NO;
				CLANG_CXX_LANGUAGE_STANDARD = "gnu++0x";
				CLANG_CXX_LIBRARY = "libc++";
				CLANG_ENABLE_MODULES = YES;
				CLANG_ENABLE_OBJC_ARC = YES;
				CLANG_WARN_BOOL_CONVERSION = YES;
				CLANG_WARN_CONSTANT_CONVERSION = YES;
				CLANG_WARN_DIRECT_OBJC_ISA_USAGE = YES_ERROR;
				CLANG_WARN_EMPTY_BODY = YES;
				CLANG_WARN_ENUM_CONVERSION = YES;
				CLANG_WARN_INT_CONVERSION = YES;
				CLANG_WARN_OBJC_ROOT_CLASS = YES_ERROR;
				CLANG_WARN_UNREACHABLE_CODE = YES;
				CLANG_WARN__DUPLICATE_METHOD_MATCH = YES;
				"CODE_SIGN_IDENTITY[sdk=iphoneos*]" = "iPhone Developer";
				COPY_PHASE_STRIP = NO;
				DEBUG_INFORMATION_FORMAT = "dwarf-with-dsym";
				ENABLE_NS_ASSERTIONS = NO;
				ENABLE_STRICT_OBJC_MSGSEND = YES;
				GCC_C_LANGUAGE_STANDARD = gnu99;
				GCC_NO_COMMON_BLOCKS = YES;
				GCC_WARN_64_TO_32_BIT_CONVERSION = YES;
				GCC_WARN_ABOUT_RETURN_TYPE = YES_ERROR;
				GCC_WARN_UNDECLARED_SELECTOR = YES;
				GCC_WARN_UNINITIALIZED_AUTOS = YES_AGGRESSIVE;
				GCC_WARN_UNUSED_FUNCTION = YES;
				GCC_WARN_UNUSED_VARIABLE = YES;
				IPHONEOS_DEPLOYMENT_TARGET = 9.1;
				MTL_ENABLE_DEBUG_INFO = NO;
				SDKROOT = iphoneos;
				VALIDATE_PRODUCT = YES;
			};
			name = Release;
		};
		F48A820A1C17C5FD007FABA2 /* Debug */ = {
			isa = XCBuildConfiguration;
			buildSettings = {
				ASSETCATALOG_COMPILER_APPICON_NAME = AppIcon;
				INFOPLIST_FILE = DCPayAlertDemo/Info.plist;
				IPHONEOS_DEPLOYMENT_TARGET = 7.0;
				LD_RUNPATH_SEARCH_PATHS = "$(inherited) @executable_path/Frameworks";
				PRODUCT_BUNDLE_IDENTIFIER = com.laxiong.DCPayAlertDemo;
				PRODUCT_NAME = "$(TARGET_NAME)";
			};
			name = Debug;
		};
		F48A820B1C17C5FD007FABA2 /* Release */ = {
			isa = XCBuildConfiguration;
			buildSettings = {
				ASSETCATALOG_COMPILER_APPICON_NAME = AppIcon;
				INFOPLIST_FILE = DCPayAlertDemo/Info.plist;
				IPHONEOS_DEPLOYMENT_TARGET = 7.0;
				LD_RUNPATH_SEARCH_PATHS = "$(inherited) @executable_path/Frameworks";
				PRODUCT_BUNDLE_IDENTIFIER = com.laxiong.DCPayAlertDemo;
				PRODUCT_NAME = "$(TARGET_NAME)";
			};
			name = Release;
		};
		F48A820D1C17C5FD007FABA2 /* Debug */ = {
			isa = XCBuildConfiguration;
			buildSettings = {
				BUNDLE_LOADER = "$(TEST_HOST)";
				INFOPLIST_FILE = DCPayAlertDemoTests/Info.plist;
				LD_RUNPATH_SEARCH_PATHS = "$(inherited) @executable_path/Frameworks @loader_path/Frameworks";
				PRODUCT_BUNDLE_IDENTIFIER = com.laxiong.DCPayAlertDemoTests;
				PRODUCT_NAME = "$(TARGET_NAME)";
				TEST_HOST = "$(BUILT_PRODUCTS_DIR)/DCPayAlertDemo.app/DCPayAlertDemo";
			};
			name = Debug;
		};
		F48A820E1C17C5FD007FABA2 /* Release */ = {
			isa = XCBuildConfiguration;
			buildSettings = {
				BUNDLE_LOADER = "$(TEST_HOST)";
				INFOPLIST_FILE = DCPayAlertDemoTests/Info.plist;
				LD_RUNPATH_SEARCH_PATHS = "$(inherited) @executable_path/Frameworks @loader_path/Frameworks";
				PRODUCT_BUNDLE_IDENTIFIER = com.laxiong.DCPayAlertDemoTests;
				PRODUCT_NAME = "$(TARGET_NAME)";
				TEST_HOST = "$(BUILT_PRODUCTS_DIR)/DCPayAlertDemo.app/DCPayAlertDemo";
			};
			name = Release;
		};
		F48A82101C17C5FD007FABA2 /* Debug */ = {
			isa = XCBuildConfiguration;
			buildSettings = {
				INFOPLIST_FILE = DCPayAlertDemoUITests/Info.plist;
				LD_RUNPATH_SEARCH_PATHS = "$(inherited) @executable_path/Frameworks @loader_path/Frameworks";
				PRODUCT_BUNDLE_IDENTIFIER = com.laxiong.DCPayAlertDemoUITests;
				PRODUCT_NAME = "$(TARGET_NAME)";
				TEST_TARGET_NAME = DCPayAlertDemo;
				USES_XCTRUNNER = YES;
			};
			name = Debug;
		};
		F48A82111C17C5FD007FABA2 /* Release */ = {
			isa = XCBuildConfiguration;
			buildSettings = {
				INFOPLIST_FILE = DCPayAlertDemoUITests/Info.plist;
				LD_RUNPATH_SEARCH_PATHS = "$(inherited) @executable_path/Frameworks @loader_path/Frameworks";
				PRODUCT_BUNDLE_IDENTIFIER = com.laxiong.DCPayAlertDemoUITests;
				PRODUCT_NAME = "$(TARGET_NAME)";
				TEST_TARGET_NAME = DCPayAlertDemo;
				USES_XCTRUNNER = YES;
			};
			name = Release;
		};
/* End XCBuildConfiguration section */

/* Begin XCConfigurationList section */
		F48A81D71C17C5FD007FABA2 /* Build configuration list for PBXProject "DCPayAlertDemo" */ = {
			isa = XCConfigurationList;
			buildConfigurations = (
				F48A82071C17C5FD007FABA2 /* Debug */,
				F48A82081C17C5FD007FABA2 /* Release */,
			);
			defaultConfigurationIsVisible = 0;
			defaultConfigurationName = Release;
		};
		F48A82091C17C5FD007FABA2 /* Build configuration list for PBXNativeTarget "DCPayAlertDemo" */ = {
			isa = XCConfigurationList;
			buildConfigurations = (
				F48A820A1C17C5FD007FABA2 /* Debug */,
				F48A820B1C17C5FD007FABA2 /* Release */,
			);
			defaultConfigurationIsVisible = 0;
			defaultConfigurationName = Release;
		};
		F48A820C1C17C5FD007FABA2 /* Build configuration list for PBXNativeTarget "DCPayAlertDemoTests" */ = {
			isa = XCConfigurationList;
			buildConfigurations = (
				F48A820D1C17C5FD007FABA2 /* Debug */,
				F48A820E1C17C5FD007FABA2 /* Release */,
			);
			defaultConfigurationIsVisible = 0;
			defaultConfigurationName = Release;
		};
		F48A820F1C17C5FD007FABA2 /* Build configuration list for PBXNativeTarget "DCPayAlertDemoUITests" */ = {
			isa = XCConfigurationList;
			buildConfigurations = (
				F48A82101C17C5FD007FABA2 /* Debug */,
				F48A82111C17C5FD007FABA2 /* Release */,
			);
			defaultConfigurationIsVisible = 0;
			defaultConfigurationName = Release;
		};
/* End XCConfigurationList section */
	};
	rootObject = F48A81D41C17C5FD007FABA2 /* Project object */;
}
